
Microsoft Visual Studio Solution File, Format Version 12.00
# Visual Studio 15
VisualStudioVersion = 15.0.26730.8
MinimumVisualStudioVersion = 10.0.40219.1
Project("{FAE04EC0-301F-11D3-BF4B-00C04F79EFBC}") = "CA_SensorFinchDataArrayPers.Str", "CA_SensorFinchDataArrayPers.Str\CA_SensorFinchDataArrayPers.Str.csproj", "{7FC9DEB2-086B-4C74-B055-420D0EDB2A74}"
EndProject
Project("{FAE04EC0-301F-11D3-BF4B-00C04F79EFBC}") = "CA_SensorFinchDataArrayPers.Ans", "CA_SensorFinchDataArrayPers.Ans\CA_SensorFinchDataArrayPers.Ans.csproj", "{57A9D169-9C7B-4C7D-9841-9FE6CC803F11}"
EndProject
Global
	GlobalSection(SolutionConfigurationPlatforms) = preSolution
		Debug|Any CPU = Debug|Any CPU
		Release|Any CPU = Release|Any CPU
	EndGlobalSection
	GlobalSection(ProjectConfigurationPlatforms) = postSolution
		{7FC9DEB2-086B-4C74-B055-420D0EDB2A74}.Debug|Any CPU.ActiveCfg = Debug|Any CPU
		{7FC9DEB2-086B-4C74-B055-420D0EDB2A74}.Debug|Any CPU.Build.0 = Debug|Any CPU
		{7FC9DEB2-086B-4C74-B055-420D0EDB2A74}.Release|Any CPU.ActiveCfg = Release|Any CPU
		{7FC9DEB2-086B-4C74-B055-420D0EDB2A74}.Release|Any CPU.Build.0 = Release|Any CPU
		{57A9D169-9C7B-4C7D-9841-9FE6CC803F11}.Debug|Any CPU.ActiveCfg = Debug|Any CPU
		{57A9D169-9C7B-4C7D-9841-9FE6CC803F11}.Debug|Any CPU.Build.0 = Debug|Any CPU
		{57A9D169-9C7B-4C7D-9841-9FE6CC803F11}.Release|Any CPU.ActiveCfg = Release|Any CPU
		{57A9D169-9C7B-4C7D-9841-9FE6CC803F11}.Release|Any CPU.Build.0 = Release|Any CPU
	EndGlobalSection
	GlobalSection(SolutionProperties) = preSolution
		HideSolutionNode = FALSE
	EndGlobalSection
	GlobalSection(ExtensibilityGlobals) = postSolution
		SolutionGuid = {7D00DFCE-DEAC-4859-B2F0-DA1DB49F594A}
	EndGlobalSection
EndGlobal
